{
  "name": "personalweb",
  "version": "1.0.0",
  "lockfileVersion": 1,
  "requires": true,
  "dependencies": {
    "@babel/polyfill": {
      "version": "7.6.0",
      "resolved": "https://registry.npmjs.org/@babel/polyfill/-/polyfill-7.6.0.tgz",
      "integrity": "sha512-q5BZJI0n/B10VaQQvln1IlDK3BTBJFbADx7tv+oXDPIDZuTo37H5Adb9jhlXm/fEN4Y7/64qD9mnrJJG7rmaTw==",
      "requires": {
        "core-js": "^2.6.5",
        "regenerator-runtime": "^0.13.2"
      }
    },
    "@vuepress/plugin-medium-zoom": {
      "version": "1.0.0-rc.1",
      "resolved": "https://registry.npmjs.org/@vuepress/plugin-medium-zoom/-/plugin-medium-zoom-1.0.0-rc.1.tgz",
      "integrity": "sha512-yjMtzat6SUIsXHEjPn2xDYDqBdvRjJ9sZamBMAlodc95+P4BOce/VB6Q9VJeoCQ+Y7EW6hqisM8bQxluRWfbtA==",
      "dev": true,
      "requires": {
        "medium-zoom": "^0.4.0"
      }
    },
    "core-js": {
      "version": "2.6.9",
      "resolved": "https://registry.npmjs.org/core-js/-/core-js-2.6.9.tgz",
      "integrity": "sha512-HOpZf6eXmnl7la+cUdMnLvUxKNqLUzJvgIziQ0DiF3JwSImNphIqdGqzj6hIKyX04MmV0poclQ7+wjWvxQyR2A=="
    },
    "medium-zoom": {
      "version": "0.4.0",
      "resolved": "https://registry.npmjs.org/medium-zoom/-/medium-zoom-0.4.0.tgz",
      "integrity": "sha512-0z7yMfd6I1BTCAa8QaR4cp5AqDkQD571GzhHIbbfefKEssGLSvs+4Xai/itOAncm4FBlF5gUoMQ22yW9/f8Sig==",
      "dev": true
    },
    "nprogress": {
      "version": "0.2.0",
      "resolved": "https://registry.npmjs.org/nprogress/-/nprogress-0.2.0.tgz",
      "integrity": "sha1-y480xTIT2JVyP8urkH6UIq28r7E="
    },
    "regenerator-runtime": {
      "version": "0.13.3",
      "resolved": "https://registry.npmjs.org/regenerator-runtime/-/regenerator-runtime-0.13.3.tgz",
      "integrity": "sha512-naKIZz2GQ8JWh///G7L3X6LaQUAMp2lvb1rvwwsURe/VXwD6VMfr+/1NuNw3ag8v2kY1aQ/go5SNn79O9JU7yw=="
    },
    "typed.js": {
      "version": "git+https://github.com/mattboldt/typed.js.git#529dd775383da12c8c42670724443c2008d1016f",
      "from": "git+https://github.com/mattboldt/typed.js.git"
    },
    "vue-script2": {
      "version": "2.1.0",
      "resolved": "https://registry.npmjs.org/vue-script2/-/vue-script2-2.1.0.tgz",
      "integrity": "sha512-EDUOjQBFvhkJXwmWuUR9ijlF7/4JtmvjXSKaHSa/LNTMy9ltjgKgYB68aqlxgq8ORdSxowd5eo24P1syjZJnBA=="
    },
    "vue-tweet-embed": {
      "version": "2.3.0",
      "resolved": "https://registry.npmjs.org/vue-tweet-embed/-/vue-tweet-embed-2.3.0.tgz",
      "integrity": "sha512-x7HjTwmxnhEspJefO+F6qLwZQeSoA6Xf+ySylNVRv46aDgjCfSqYHMgo+sSnt7MJlVaULWZwKiE2Q3G6ftYZwA==",
      "requires": {
        "@babel/polyfill": "^7.0.0"
      }
    },
    "vue-twitter": {
      "version": "0.1.0",
      "resolved": "https://registry.npmjs.org/vue-twitter/-/vue-twitter-0.1.0.tgz",
      "integrity": "sha512-qBHVaOjIX25rleBwHfNPsFpN6frxoz+cZNxXOyVRD20AdldpHhaXc3oKo7XNl6DBa5AkJl1jnU+rn3rKjfBm+A==",
      "requires": {
        "vue-script2": "^2.0.3"
      }
    },
    "vue-typed-js": {
      "version": "0.1.2",
      "resolved": "https://registry.npmjs.org/vue-typed-js/-/vue-typed-js-0.1.2.tgz",
      "integrity": "sha512-9kDGuz17uYJghe/1hepRWiWYssgUFtrKnMGPHlWjVRxdvs/d9xYYWMkgzztjhx1R1B33hXkN8ctmkzCYHQ+caA==",
      "requires": {
        "typed.js": "git+https://github.com/mattboldt/typed.js.git#529dd775383da12c8c42670724443c2008d1016f"
      }
    },
    "vuepress-plugin-nprogress": {
      "version": "1.1.1",
      "resolved": "https://registry.npmjs.org/vuepress-plugin-nprogress/-/vuepress-plugin-nprogress-1.1.1.tgz",
      "integrity": "sha512-rFXyqMBj0Pv9u2DYaYDFFvbjBBmdq7cW/qyX90S9v688NWFa3eahKg+RyzapsakSA3DQ54FnbcU+LJiB8cfSgA==",
      "requires": {
        "nprogress": "^0.2.0"
      }
    }
  }
}
